// !$*UTF8*$!
{
	archiveVersion = 1;
	classes = {
	};
	objectVersion = 50;
	objects = {

/* Begin PBXBuildFile section */
		43088C082667D72A0097CEC7 /* AppDelegate.swift in Sources */ = {isa = PBXBuildFile; fileRef = 43088C072667D72A0097CEC7 /* AppDelegate.swift */; };
		43088C0A2667D72A0097CEC7 /* SceneDelegate.swift in Sources */ = {isa = PBXBuildFile; fileRef = 43088C092667D72A0097CEC7 /* SceneDelegate.swift */; };
		43088C0C2667D72A0097CEC7 /* ViewController.swift in Sources */ = {isa = PBXBuildFile; fileRef = 43088C0B2667D72A0097CEC7 /* ViewController.swift */; };
		43088C0F2667D72A0097CEC7 /* Main.storyboard in Resources */ = {isa = PBXBuildFile; fileRef = 43088C0D2667D72A0097CEC7 /* Main.storyboard */; };
		43088C122667D72A0097CEC7 /* AppStore.xcdatamodeld in Sources */ = {isa = PBXBuildFile; fileRef = 43088C102667D72A0097CEC7 /* AppStore.xcdatamodeld */; };
		43088C142667D72E0097CEC7 /* Assets.xcassets in Resources */ = {isa = PBXBuildFile; fileRef = 43088C132667D72E0097CEC7 /* Assets.xcassets */; };
		43088C172667D72E0097CEC7 /* LaunchScreen.storyboard in Resources */ = {isa = PBXBuildFile; fileRef = 43088C152667D72E0097CEC7 /* LaunchScreen.storyboard */; };
		43088C222667D72F0097CEC7 /* AppStoreTests.swift in Sources */ = {isa = PBXBuildFile; fileRef = 43088C212667D72F0097CEC7 /* AppStoreTests.swift */; };
		43088C2D2667D72F0097CEC7 /* AppStoreUITests.swift in Sources */ = {isa = PBXBuildFile; fileRef = 43088C2C2667D72F0097CEC7 /* AppStoreUITests.swift */; };
		43088C3C2667E60E0097CEC7 /* AppCell.swift in Sources */ = {isa = PBXBuildFile; fileRef = 43088C3A2667E60E0097CEC7 /* AppCell.swift */; };
		43088C3D2667E60E0097CEC7 /* AppCell.xib in Resources */ = {isa = PBXBuildFile; fileRef = 43088C3B2667E60E0097CEC7 /* AppCell.xib */; };
		43088C3F2668C63D0097CEC7 /* AppModel.swift in Sources */ = {isa = PBXBuildFile; fileRef = 43088C3E2668C63D0097CEC7 /* AppModel.swift */; };
		43088C412668C6AF0097CEC7 /* AppData.swift in Sources */ = {isa = PBXBuildFile; fileRef = 43088C402668C6AF0097CEC7 /* AppData.swift */; };
		43088C432668CB5E0097CEC7 /* AppReusable.swift in Sources */ = {isa = PBXBuildFile; fileRef = 43088C422668CB5E0097CEC7 /* AppReusable.swift */; };
		43088C46266947790097CEC7 /* AppDetailViewController.swift in Sources */ = {isa = PBXBuildFile; fileRef = 43088C44266947790097CEC7 /* AppDetailViewController.swift */; };
		43088C47266947790097CEC7 /* AppDetailViewController.xib in Resources */ = {isa = PBXBuildFile; fileRef = 43088C45266947790097CEC7 /* AppDetailViewController.xib */; };
		43A79B18266B6D3C00315048 /* ImageCollectionViewCell.swift in Sources */ = {isa = PBXBuildFile; fileRef = 43A79B16266B6D3C00315048 /* ImageCollectionViewCell.swift */; };
		43A79B19266B6D3C00315048 /* ImageCollectionViewCell.xib in Resources */ = {isa = PBXBuildFile; fileRef = 43A79B17266B6D3C00315048 /* ImageCollectionViewCell.xib */; };
/* End PBXBuildFile section */

/* Begin PBXContainerItemProxy section */
		43088C1E2667D72F0097CEC7 /* PBXContainerItemProxy */ = {
			isa = PBXContainerItemProxy;
			containerPortal = 43088BFC2667D7290097CEC7 /* Project object */;
			proxyType = 1;
			remoteGlobalIDString = 43088C032667D72A0097CEC7;
			remoteInfo = AppStore;
		};
		43088C292667D72F0097CEC7 /* PBXContainerItemProxy */ = {
			isa = PBXContainerItemProxy;
			containerPortal = 43088BFC2667D7290097CEC7 /* Project object */;
			proxyType = 1;
			remoteGlobalIDString = 43088C032667D72A0097CEC7;
			remoteInfo = AppStore;
		};
/* End PBXContainerItemProxy section */

/* Begin PBXFileReference section */
		43088C042667D72A0097CEC7 /* AppStore.app */ = {isa = PBXFileReference; explicitFileType = wrapper.application; includeInIndex = 0; path = AppStore.app; sourceTree = BUILT_PRODUCTS_DIR; };
		43088C072667D72A0097CEC7 /* AppDelegate.swift */ = {isa = PBXFileReference; lastKnownFileType = sourcecode.swift; path = AppDelegate.swift; sourceTree = "<group>"; };
		43088C092667D72A0097CEC7 /* SceneDelegate.swift */ = {isa = PBXFileReference; lastKnownFileType = sourcecode.swift; path = SceneDelegate.swift; sourceTree = "<group>"; };
		43088C0B2667D72A0097CEC7 /* ViewController.swift */ = {isa = PBXFileReference; lastKnownFileType = sourcecode.swift; path = ViewController.swift; sourceTree = "<group>"; };
		43088C0E2667D72A0097CEC7 /* Base */ = {isa = PBXFileReference; lastKnownFileType = file.storyboard; name = Base; path = Base.lproj/Main.storyboard; sourceTree = "<group>"; };
		43088C112667D72A0097CEC7 /* AppStore.xcdatamodel */ = {isa = PBXFileReference; lastKnownFileType = wrapper.xcdatamodel; path = AppStore.xcdatamodel; sourceTree = "<group>"; };
		43088C132667D72E0097CEC7 /* Assets.xcassets */ = {isa = PBXFileReference; lastKnownFileType = folder.assetcatalog; path = Assets.xcassets; sourceTree = "<group>"; };
		43088C162667D72E0097CEC7 /* Base */ = {isa = PBXFileReference; lastKnownFileType = file.storyboard; name = Base; path = Base.lproj/LaunchScreen.storyboard; sourceTree = "<group>"; };
		43088C182667D72E0097CEC7 /* Info.plist */ = {isa = PBXFileReference; lastKnownFileType = text.plist.xml; path = Info.plist; sourceTree = "<group>"; };
		43088C1D2667D72F0097CEC7 /* AppStoreTests.xctest */ = {isa = PBXFileReference; explicitFileType = wrapper.cfbundle; includeInIndex = 0; path = AppStoreTests.xctest; sourceTree = BUILT_PRODUCTS_DIR; };
		43088C212667D72F0097CEC7 /* AppStoreTests.swift */ = {isa = PBXFileReference; lastKnownFileType = sourcecode.swift; path = AppStoreTests.swift; sourceTree = "<group>"; };
		43088C232667D72F0097CEC7 /* Info.plist */ = {isa = PBXFileReference; lastKnownFileType = text.plist.xml; path = Info.plist; sourceTree = "<group>"; };
		43088C282667D72F0097CEC7 /* AppStoreUITests.xctest */ = {isa = PBXFileReference; explicitFileType = wrapper.cfbundle; includeInIndex = 0; path = AppStoreUITests.xctest; sourceTree = BUILT_PRODUCTS_DIR; };
		43088C2C2667D72F0097CEC7 /* AppStoreUITests.swift */ = {isa = PBXFileReference; lastKnownFileType = sourcecode.swift; path = AppStoreUITests.swift; sourceTree = "<group>"; };
		43088C2E2667D72F0097CEC7 /* Info.plist */ = {isa = PBXFileReference; lastKnownFileType = text.plist.xml; path = Info.plist; sourceTree = "<group>"; };
		43088C3A2667E60E0097CEC7 /* AppCell.swift */ = {isa = PBXFileReference; lastKnownFileType = sourcecode.swift; path = AppCell.swift; sourceTree = "<group>"; };
		43088C3B2667E60E0097CEC7 /* AppCell.xib */ = {isa = PBXFileReference; lastKnownFileType = file.xib; path = AppCell.xib; sourceTree = "<group>"; };
		43088C3E2668C63D0097CEC7 /* AppModel.swift */ = {isa = PBXFileReference; lastKnownFileType = sourcecode.swift; path = AppModel.swift; sourceTree = "<group>"; };
		43088C402668C6AF0097CEC7 /* AppData.swift */ = {isa = PBXFileReference; lastKnownFileType = sourcecode.swift; path = AppData.swift; sourceTree = "<group>"; };
		43088C422668CB5E0097CEC7 /* AppReusable.swift */ = {isa = PBXFileReference; lastKnownFileType = sourcecode.swift; path = AppReusable.swift; sourceTree = "<group>"; };
		43088C44266947790097CEC7 /* AppDetailViewController.swift */ = {isa = PBXFileReference; lastKnownFileType = sourcecode.swift; path = AppDetailViewController.swift; sourceTree = "<group>"; };
		43088C45266947790097CEC7 /* AppDetailViewController.xib */ = {isa = PBXFileReference; lastKnownFileType = file.xib; path = AppDetailViewController.xib; sourceTree = "<group>"; };
		43A79B16266B6D3C00315048 /* ImageCollectionViewCell.swift */ = {isa = PBXFileReference; lastKnownFileType = sourcecode.swift; path = ImageCollectionViewCell.swift; sourceTree = "<group>"; };
		43A79B17266B6D3C00315048 /* ImageCollectionViewCell.xib */ = {isa = PBXFileReference; lastKnownFileType = file.xib; path = ImageCollectionViewCell.xib; sourceTree = "<group>"; };
/* End PBXFileReference section */

/* Begin PBXFrameworksBuildPhase section */
		43088C012667D72A0097CEC7 /* Frameworks */ = {
			isa = PBXFrameworksBuildPhase;
			buildActionMask = 2147483647;
			files = (
			);
			runOnlyForDeploymentPostprocessing = 0;
		};
		43088C1A2667D72F0097CEC7 /* Frameworks */ = {
			isa = PBXFrameworksBuildPhase;
			buildActionMask = 2147483647;
			files = (
			);
			runOnlyForDeploymentPostprocessing = 0;
		};
		43088C252667D72F0097CEC7 /* Frameworks */ = {
			isa = PBXFrameworksBuildPhase;
			buildActionMask = 2147483647;
			files = (
			);
			runOnlyForDeploymentPostprocessing = 0;
		};
/* End PBXFrameworksBuildPhase section */

/* Begin PBXGroup section */
		43088BFB2667D7290097CEC7 = {
			isa = PBXGroup;
			children = (
				43088C062667D72A0097CEC7 /* AppStore */,
				43088C202667D72F0097CEC7 /* AppStoreTests */,
				43088C2B2667D72F0097CEC7 /* AppStoreUITests */,
				43088C052667D72A0097CEC7 /* Products */,
			);
			sourceTree = "<group>";
		};
		43088C052667D72A0097CEC7 /* Products */ = {
			isa = PBXGroup;
			children = (
				43088C042667D72A0097CEC7 /* AppStore.app */,
				43088C1D2667D72F0097CEC7 /* AppStoreTests.xctest */,
				43088C282667D72F0097CEC7 /* AppStoreUITests.xctest */,
			);
			name = Products;
			sourceTree = "<group>";
		};
		43088C062667D72A0097CEC7 /* AppStore */ = {
			isa = PBXGroup;
			children = (
				43A79B12266A7A4B00315048 /* Base */,
				43A79B15266A7A7E00315048 /* Model */,
				43A79B14266A7A7100315048 /* Controller */,
				43A79B13266A7A5A00315048 /* View */,
				43088C132667D72E0097CEC7 /* Assets.xcassets */,
				43088C182667D72E0097CEC7 /* Info.plist */,
				43088C102667D72A0097CEC7 /* AppStore.xcdatamodeld */,
			);
			path = AppStore;
			sourceTree = "<group>";
		};
		43088C202667D72F0097CEC7 /* AppStoreTests */ = {
			isa = PBXGroup;
			children = (
				43088C212667D72F0097CEC7 /* AppStoreTests.swift */,
				43088C232667D72F0097CEC7 /* Info.plist */,
			);
			path = AppStoreTests;
			sourceTree = "<group>";
		};
		43088C2B2667D72F0097CEC7 /* AppStoreUITests */ = {
			isa = PBXGroup;
			children = (
				43088C2C2667D72F0097CEC7 /* AppStoreUITests.swift */,
				43088C2E2667D72F0097CEC7 /* Info.plist */,
			);
			path = AppStoreUITests;
			sourceTree = "<group>";
		};
		43A79B12266A7A4B00315048 /* Base */ = {
			isa = PBXGroup;
			children = (
				43088C072667D72A0097CEC7 /* AppDelegate.swift */,
				43088C092667D72A0097CEC7 /* SceneDelegate.swift */,
			);
			path = Base;
			sourceTree = "<group>";
		};
		43A79B13266A7A5A00315048 /* View */ = {
			isa = PBXGroup;
			children = (
				43088C0D2667D72A0097CEC7 /* Main.storyboard */,
				43088C3B2667E60E0097CEC7 /* AppCell.xib */,
				43088C152667D72E0097CEC7 /* LaunchScreen.storyboard */,
				43088C45266947790097CEC7 /* AppDetailViewController.xib */,
				43A79B17266B6D3C00315048 /* ImageCollectionViewCell.xib */,
			);
			path = View;
			sourceTree = "<group>";
		};
		43A79B14266A7A7100315048 /* Controller */ = {
			isa = PBXGroup;
			children = (
				43088C0B2667D72A0097CEC7 /* ViewController.swift */,
				43088C3A2667E60E0097CEC7 /* AppCell.swift */,
				43088C44266947790097CEC7 /* AppDetailViewController.swift */,
				43A79B16266B6D3C00315048 /* ImageCollectionViewCell.swift */,
			);
			path = Controller;
			sourceTree = "<group>";
		};
		43A79B15266A7A7E00315048 /* Model */ = {
			isa = PBXGroup;
			children = (
				43088C3E2668C63D0097CEC7 /* AppModel.swift */,
				43088C402668C6AF0097CEC7 /* AppData.swift */,
				43088C422668CB5E0097CEC7 /* AppReusable.swift */,
			);
			path = Model;
			sourceTree = "<group>";
		};
/* End PBXGroup section */

/* Begin PBXNativeTarget section */
		43088C032667D72A0097CEC7 /* AppStore */ = {
			isa = PBXNativeTarget;
			buildConfigurationList = 43088C312667D72F0097CEC7 /* Build configuration list for PBXNativeTarget "AppStore" */;
			buildPhases = (
				43088C002667D72A0097CEC7 /* Sources */,
				43088C012667D72A0097CEC7 /* Frameworks */,
				43088C022667D72A0097CEC7 /* Resources */,
			);
			buildRules = (
			);
			dependencies = (
			);
			name = AppStore;
			productName = AppStore;
			productReference = 43088C042667D72A0097CEC7 /* AppStore.app */;
			productType = "com.apple.product-type.application";
		};
		43088C1C2667D72F0097CEC7 /* AppStoreTests */ = {
			isa = PBXNativeTarget;
			buildConfigurationList = 43088C342667D72F0097CEC7 /* Build configuration list for PBXNativeTarget "AppStoreTests" */;
			buildPhases = (
				43088C192667D72F0097CEC7 /* Sources */,
				43088C1A2667D72F0097CEC7 /* Frameworks */,
				43088C1B2667D72F0097CEC7 /* Resources */,
			);
			buildRules = (
			);
			dependencies = (
				43088C1F2667D72F0097CEC7 /* PBXTargetDependency */,
			);
			name = AppStoreTests;
			productName = AppStoreTests;
			productReference = 43088C1D2667D72F0097CEC7 /* AppStoreTests.xctest */;
			productType = "com.apple.product-type.bundle.unit-test";
		};
		43088C272667D72F0097CEC7 /* AppStoreUITests */ = {
			isa = PBXNativeTarget;
			buildConfigurationList = 43088C372667D72F0097CEC7 /* Build configuration list for PBXNativeTarget "AppStoreUITests" */;
			buildPhases = (
				43088C242667D72F0097CEC7 /* Sources */,
				43088C252667D72F0097CEC7 /* Frameworks */,
				43088C262667D72F0097CEC7 /* Resources */,
			);
			buildRules = (
			);
			dependencies = (
				43088C2A2667D72F0097CEC7 /* PBXTargetDependency */,
			);
			name = AppStoreUITests;
			productName = AppStoreUITests;
			productReference = 43088C282667D72F0097CEC7 /* AppStoreUITests.xctest */;
			productType = "com.apple.product-type.bundle.ui-testing";
		};
/* End PBXNativeTarget section */

/* Begin PBXProject section */
		43088BFC2667D7290097CEC7 /* Project object */ = {
			isa = PBXProject;
			attributes = {
				LastSwiftUpdateCheck = 1250;
				LastUpgradeCheck = 1250;
				TargetAttributes = {
					43088C032667D72A0097CEC7 = {
						CreatedOnToolsVersion = 12.5;
					};
					43088C1C2667D72F0097CEC7 = {
						CreatedOnToolsVersion = 12.5;
						TestTargetID = 43088C032667D72A0097CEC7;
					};
					43088C272667D72F0097CEC7 = {
						CreatedOnToolsVersion = 12.5;
						TestTargetID = 43088C032667D72A0097CEC7;
					};
				};
			};
			buildConfigurationList = 43088BFF2667D7290097CEC7 /* Build configuration list for PBXProject "AppStore" */;
			compatibilityVersion = "Xcode 9.3";
			developmentRegion = en;
			hasScannedForEncodings = 0;
			knownRegions = (
				en,
				Base,
			);
			mainGroup = 43088BFB2667D7290097CEC7;
			productRefGroup = 43088C052667D72A0097CEC7 /* Products */;
			projectDirPath = "";
			projectRoot = "";
			targets = (
				43088C032667D72A0097CEC7 /* AppStore */,
				43088C1C2667D72F0097CEC7 /* AppStoreTests */,
				43088C272667D72F0097CEC7 /* AppStoreUITests */,
			);
		};
/* End PBXProject section */

/* Begin PBXResourcesBuildPhase section */
		43088C022667D72A0097CEC7 /* Resources */ = {
			isa = PBXResourcesBuildPhase;
			buildActionMask = 2147483647;
			files = (
				43088C47266947790097CEC7 /* AppDetailViewController.xib in Resources */,
				43088C172667D72E0097CEC7 /* LaunchScreen.storyboard in Resources */,
				43088C3D2667E60E0097CEC7 /* AppCell.xib in Resources */,
				43088C142667D72E0097CEC7 /* Assets.xcassets in Resources */,
				43A79B19266B6D3C00315048 /* ImageCollectionViewCell.xib in Resources */,
				43088C0F2667D72A0097CEC7 /* Main.storyboard in Resources */,
			);
			runOnlyForDeploymentPostprocessing = 0;
		};
		43088C1B2667D72F0097CEC7 /* Resources */ = {
			isa = PBXResourcesBuildPhase;
			buildActionMask = 2147483647;
			files = (
			);
			runOnlyForDeploymentPostprocessing = 0;
		};
		43088C262667D72F0097CEC7 /* Resources */ = {
			isa = PBXResourcesBuildPhase;
			buildActionMask = 2147483647;
			files = (
			);
			runOnlyForDeploymentPostprocessing = 0;
		};
/* End PBXResourcesBuildPhase section */

/* Begin PBXSourcesBuildPhase section */
		43088C002667D72A0097CEC7 /* Sources */ = {
			isa = PBXSourcesBuildPhase;
			buildActionMask = 2147483647;
			files = (
				43088C46266947790097CEC7 /* AppDetailViewController.swift in Sources */,
				43088C432668CB5E0097CEC7 /* AppReusable.swift in Sources */,
				43088C3C2667E60E0097CEC7 /* AppCell.swift in Sources */,
				43088C3F2668C63D0097CEC7 /* AppModel.swift in Sources */,
				43088C0C2667D72A0097CEC7 /* ViewController.swift in Sources */,
				43088C082667D72A0097CEC7 /* AppDelegate.swift in Sources */,
				43A79B18266B6D3C00315048 /* ImageCollectionViewCell.swift in Sources */,
				43088C0A2667D72A0097CEC7 /* SceneDelegate.swift in Sources */,
				43088C122667D72A0097CEC7 /* AppStore.xcdatamodeld in Sources */,
				43088C412668C6AF0097CEC7 /* AppData.swift in Sources */,
			);
			runOnlyForDeploymentPostprocessing = 0;
		};
		43088C192667D72F0097CEC7 /* Sources */ = {
			isa = PBXSourcesBuildPhase;
			buildActionMask = 2147483647;
			files = (
				43088C222667D72F0097CEC7 /* AppStoreTests.swift in Sources */,
			);
			runOnlyForDeploymentPostprocessing = 0;
		};
		43088C242667D72F0097CEC7 /* Sources */ = {
			isa = PBXSourcesBuildPhase;
			buildActionMask = 2147483647;
			files = (
				43088C2D2667D72F0097CEC7 /* AppStoreUITests.swift in Sources */,
			);
			runOnlyForDeploymentPostprocessing = 0;
		};
/* End PBXSourcesBuildPhase section */

/* Begin PBXTargetDependency section */
		43088C1F2667D72F0097CEC7 /* PBXTargetDependency */ = {
			isa = PBXTargetDependency;
			target = 43088C032667D72A0097CEC7 /* AppStore */;
			targetProxy = 43088C1E2667D72F0097CEC7 /* PBXContainerItemProxy */;
		};
		43088C2A2667D72F0097CEC7 /* PBXTargetDependency */ = {
			isa = PBXTargetDependency;
			target = 43088C032667D72A0097CEC7 /* AppStore */;
			targetProxy = 43088C292667D72F0097CEC7 /* PBXContainerItemProxy */;
		};
/* End PBXTargetDependency section */

/* Begin PBXVariantGroup section */
		43088C0D2667D72A0097CEC7 /* Main.storyboard */ = {
			isa = PBXVariantGroup;
			children = (
				43088C0E2667D72A0097CEC7 /* Base */,
			);
			name = Main.storyboard;
			sourceTree = "<group>";
		};
		43088C152667D72E0097CEC7 /* LaunchScreen.storyboard */ = {
			isa = PBXVariantGroup;
			children = (
				43088C162667D72E0097CEC7 /* Base */,
			);
			name = LaunchScreen.storyboard;
			sourceTree = "<group>";
		};
/* End PBXVariantGroup section */

/* Begin XCBuildConfiguration section */
		43088C2F2667D72F0097CEC7 /* Debug */ = {
			isa = XCBuildConfiguration;
			buildSettings = {
				ALWAYS_SEARCH_USER_PATHS = NO;
				CLANG_ANALYZER_NONNULL = YES;
				CLANG_ANALYZER_NUMBER_OBJECT_CONVERSION = YES_AGGRESSIVE;
				CLANG_CXX_LANGUAGE_STANDARD = "gnu++14";
				CLANG_CXX_LIBRARY = "libc++";
				CLANG_ENABLE_MODULES = YES;
				CLANG_ENABLE_OBJC_ARC = YES;
				CLANG_ENABLE_OBJC_WEAK = YES;
				CLANG_WARN_BLOCK_CAPTURE_AUTORELEASING = YES;
				CLANG_WARN_BOOL_CONVERSION = YES;
				CLANG_WARN_COMMA = YES;
				CLANG_WARN_CONSTANT_CONVERSION = YES;
				CLANG_WARN_DEPRECATED_OBJC_IMPLEMENTATIONS = YES;
				CLANG_WARN_DIRECT_OBJC_ISA_USAGE = YES_ERROR;
				CLANG_WARN_DOCUMENTATION_COMMENTS = YES;
				CLANG_WARN_EMPTY_BODY = YES;
				CLANG_WARN_ENUM_CONVERSION = YES;
				CLANG_WARN_INFINITE_RECURSION = YES;
				CLANG_WARN_INT_CONVERSION = YES;
				CLANG_WARN_NON_LITERAL_NULL_CONVERSION = YES;
				CLANG_WARN_OBJC_IMPLICIT_RETAIN_SELF = YES;
				CLANG_WARN_OBJC_LITERAL_CONVERSION = YES;
				CLANG_WARN_OBJC_ROOT_CLASS = YES_ERROR;
				CLANG_WARN_QUOTED_INCLUDE_IN_FRAMEWORK_HEADER = YES;
				CLANG_WARN_RANGE_LOOP_ANALYSIS = YES;
				CLANG_WARN_STRICT_PROTOTYPES = YES;
				CLANG_WARN_SUSPICIOUS_MOVE = YES;
				CLANG_WARN_UNGUARDED_AVAILABILITY = YES_AGGRESSIVE;
				CLANG_WARN_UNREACHABLE_CODE = YES;
				CLANG_WARN__DUPLICATE_METHOD_MATCH = YES;
				COPY_PHASE_STRIP = NO;
				DEBUG_INFORMATION_FORMAT = dwarf;
				ENABLE_STRICT_OBJC_MSGSEND = YES;
				ENABLE_TESTABILITY = YES;
				GCC_C_LANGUAGE_STANDARD = gnu11;
				GCC_DYNAMIC_NO_PIC = NO;
				GCC_NO_COMMON_BLOCKS = YES;
				GCC_OPTIMIZATION_LEVEL = 0;
				GCC_PREPROCESSOR_DEFINITIONS = (
					"DEBUG=1",
					"$(inherited)",
				);
				GCC_WARN_64_TO_32_BIT_CONVERSION = YES;
				GCC_WARN_ABOUT_RETURN_TYPE = YES_ERROR;
				GCC_WARN_UNDECLARED_SELECTOR = YES;
				GCC_WARN_UNINITIALIZED_AUTOS = YES_AGGRESSIVE;
				GCC_WARN_UNUSED_FUNCTION = YES;
				GCC_WARN_UNUSED_VARIABLE = YES;
				IPHONEOS_DEPLOYMENT_TARGET = 14.5;
				MTL_ENABLE_DEBUG_INFO = INCLUDE_SOURCE;
				MTL_FAST_MATH = YES;
				ONLY_ACTIVE_ARCH = YES;
				SDKROOT = iphoneos;
				SWIFT_ACTIVE_COMPILATION_CONDITIONS = DEBUG;
				SWIFT_OPTIMIZATION_LEVEL = "-Onone";
			};
			name = Debug;
		};
		43088C302667D72F0097CEC7 /* Release */ = {
			isa = XCBuildConfiguration;
			buildSettings = {
				ALWAYS_SEARCH_USER_PATHS = NO;
				CLANG_ANALYZER_NONNULL = YES;
				CLANG_ANALYZER_NUMBER_OBJECT_CONVERSION = YES_AGGRESSIVE;
				CLANG_CXX_LANGUAGE_STANDARD = "gnu++14";
				CLANG_CXX_LIBRARY = "libc++";
				CLANG_ENABLE_MODULES = YES;
				CLANG_ENABLE_OBJC_ARC = YES;
				CLANG_ENABLE_OBJC_WEAK = YES;
				CLANG_WARN_BLOCK_CAPTURE_AUTORELEASING = YES;
				CLANG_WARN_BOOL_CONVERSION = YES;
				CLANG_WARN_COMMA = YES;
				CLANG_WARN_CONSTANT_CONVERSION = YES;
				CLANG_WARN_DEPRECATED_OBJC_IMPLEMENTATIONS = YES;
				CLANG_WARN_DIRECT_OBJC_ISA_USAGE = YES_ERROR;
				CLANG_WARN_DOCUMENTATION_COMMENTS = YES;
				CLANG_WARN_EMPTY_BODY = YES;
				CLANG_WARN_ENUM_CONVERSION = YES;
				CLANG_WARN_INFINITE_RECURSION = YES;
				CLANG_WARN_INT_CONVERSION = YES;
				CLANG_WARN_NON_LITERAL_NULL_CONVERSION = YES;
				CLANG_WARN_OBJC_IMPLICIT_RETAIN_SELF = YES;
				CLANG_WARN_OBJC_LITERAL_CONVERSION = YES;
				CLANG_WARN_OBJC_ROOT_CLASS = YES_ERROR;
				CLANG_WARN_QUOTED_INCLUDE_IN_FRAMEWORK_HEADER = YES;
				CLANG_WARN_RANGE_LOOP_ANALYSIS = YES;
				CLANG_WARN_STRICT_PROTOTYPES = YES;
				CLANG_WARN_SUSPICIOUS_MOVE = YES;
				CLANG_WARN_UNGUARDED_AVAILABILITY = YES_AGGRESSIVE;
				CLANG_WARN_UNREACHABLE_CODE = YES;
				CLANG_WARN__DUPLICATE_METHOD_MATCH = YES;
				COPY_PHASE_STRIP = NO;
				DEBUG_INFORMATION_FORMAT = "dwarf-with-dsym";
				ENABLE_NS_ASSERTIONS = NO;
				ENABLE_STRICT_OBJC_MSGSEND = YES;
				GCC_C_LANGUAGE_STANDARD = gnu11;
				GCC_NO_COMMON_BLOCKS = YES;
				GCC_WARN_64_TO_32_BIT_CONVERSION = YES;
				GCC_WARN_ABOUT_RETURN_TYPE = YES_ERROR;
				GCC_WARN_UNDECLARED_SELECTOR = YES;
				GCC_WARN_UNINITIALIZED_AUTOS = YES_AGGRESSIVE;
				GCC_WARN_UNUSED_FUNCTION = YES;
				GCC_WARN_UNUSED_VARIABLE = YES;
				IPHONEOS_DEPLOYMENT_TARGET = 14.5;
				MTL_ENABLE_DEBUG_INFO = NO;
				MTL_FAST_MATH = YES;
				SDKROOT = iphoneos;
				SWIFT_COMPILATION_MODE = wholemodule;
				SWIFT_OPTIMIZATION_LEVEL = "-O";
				VALIDATE_PRODUCT = YES;
			};
			name = Release;
		};
		43088C322667D72F0097CEC7 /* Debug */ = {
			isa = XCBuildConfiguration;
			buildSettings = {
				ASSETCATALOG_COMPILER_APPICON_NAME = AppIcon;
				ASSETCATALOG_COMPILER_GLOBAL_ACCENT_COLOR_NAME = AccentColor;
				CODE_SIGN_STYLE = Automatic;
				INFOPLIST_FILE = AppStore/Info.plist;
				LD_RUNPATH_SEARCH_PATHS = (
					"$(inherited)",
					"@executable_path/Frameworks",
				);
				PRODUCT_BUNDLE_IDENTIFIER = com.reydaniel.AppStore;
				PRODUCT_NAME = "$(TARGET_NAME)";
				SWIFT_VERSION = 5.0;
				TARGETED_DEVICE_FAMILY = "1,2";
			};
			name = Debug;
		};
		43088C332667D72F0097CEC7 /* Release */ = {
			isa = XCBuildConfiguration;
			buildSettings = {
				ASSETCATALOG_COMPILER_APPICON_NAME = AppIcon;
				ASSETCATALOG_COMPILER_GLOBAL_ACCENT_COLOR_NAME = AccentColor;
				CODE_SIGN_STYLE = Automatic;
				INFOPLIST_FILE = AppStore/Info.plist;
				LD_RUNPATH_SEARCH_PATHS = (
					"$(inherited)",
					"@executable_path/Frameworks",
				);
				PRODUCT_BUNDLE_IDENTIFIER = com.reydaniel.AppStore;
				PRODUCT_NAME = "$(TARGET_NAME)";
				SWIFT_VERSION = 5.0;
				TARGETED_DEVICE_FAMILY = "1,2";
			};
			name = Release;
		};
		43088C352667D72F0097CEC7 /* Debug */ = {
			isa = XCBuildConfiguration;
			buildSettings = {
				ALWAYS_EMBED_SWIFT_STANDARD_LIBRARIES = YES;
				BUNDLE_LOADER = "$(TEST_HOST)";
				CODE_SIGN_STYLE = Automatic;
				INFOPLIST_FILE = AppStoreTests/Info.plist;
				IPHONEOS_DEPLOYMENT_TARGET = 14.5;
				LD_RUNPATH_SEARCH_PATHS = (
					"$(inherited)",
					"@executable_path/Frameworks",
					"@loader_path/Frameworks",
				);
				PRODUCT_BUNDLE_IDENTIFIER = com.reydaniel.AppStoreTests;
				PRODUCT_NAME = "$(TARGET_NAME)";
				SWIFT_VERSION = 5.0;
				TARGETED_DEVICE_FAMILY = "1,2";
				TEST_HOST = "$(BUILT_PRODUCTS_DIR)/AppStore.app/AppStore";
			};
			name = Debug;
		};
		43088C362667D72F0097CEC7 /* Release */ = {
			isa = XCBuildConfiguration;
			buildSettings = {
				ALWAYS_EMBED_SWIFT_STANDARD_LIBRARIES = YES;
				BUNDLE_LOADER = "$(TEST_HOST)";
				CODE_SIGN_STYLE = Automatic;
				INFOPLIST_FILE = AppStoreTests/Info.plist;
				IPHONEOS_DEPLOYMENT_TARGET = 14.5;
				LD_RUNPATH_SEARCH_PATHS = (
					"$(inherited)",
					"@executable_path/Frameworks",
					"@loader_path/Frameworks",
				);
				PRODUCT_BUNDLE_IDENTIFIER = com.reydaniel.AppStoreTests;
				PRODUCT_NAME = "$(TARGET_NAME)";
				SWIFT_VERSION = 5.0;
				TARGETED_DEVICE_FAMILY = "1,2";
				TEST_HOST = "$(BUILT_PRODUCTS_DIR)/AppStore.app/AppStore";
			};
			name = Release;
		};
		43088C382667D72F0097CEC7 /* Debug */ = {
			isa = XCBuildConfiguration;
			buildSettings = {
				ALWAYS_EMBED_SWIFT_STANDARD_LIBRARIES = YES;
				CODE_SIGN_STYLE = Automatic;
				INFOPLIST_FILE = AppStoreUITests/Info.plist;
				LD_RUNPATH_SEARCH_PATHS = (
					"$(inherited)",
					"@executable_path/Frameworks",
					"@loader_path/Frameworks",
				);
				PRODUCT_BUNDLE_IDENTIFIER = com.reydaniel.AppStoreUITests;
				PRODUCT_NAME = "$(TARGET_NAME)";
				SWIFT_VERSION = 5.0;
				TARGETED_DEVICE_FAMILY = "1,2";
				TEST_TARGET_NAME = AppStore;
			};
			name = Debug;
		};
		43088C392667D72F0097CEC7 /* Release */ = {
			isa = XCBuildConfiguration;
			buildSettings = {
				ALWAYS_EMBED_SWIFT_STANDARD_LIBRARIES = YES;
				CODE_SIGN_STYLE = Automatic;
				INFOPLIST_FILE = AppStoreUITests/Info.plist;
				LD_RUNPATH_SEARCH_PATHS = (
					"$(inherited)",
					"@executable_path/Frameworks",
					"@loader_path/Frameworks",
				);
				PRODUCT_BUNDLE_IDENTIFIER = com.reydaniel.AppStoreUITests;
				PRODUCT_NAME = "$(TARGET_NAME)";
				SWIFT_VERSION = 5.0;
				TARGETED_DEVICE_FAMILY = "1,2";
				TEST_TARGET_NAME = AppStore;
			};
			name = Release;
		};
/* End XCBuildConfiguration section */

/* Begin XCConfigurationList section */
		43088BFF2667D7290097CEC7 /* Build configuration list for PBXProject "AppStore" */ = {
			isa = XCConfigurationList;
			buildConfigurations = (
				43088C2F2667D72F0097CEC7 /* Debug */,
				43088C302667D72F0097CEC7 /* Release */,
			);
			defaultConfigurationIsVisible = 0;
			defaultConfigurationName = Release;
		};
		43088C312667D72F0097CEC7 /* Build configuration list for PBXNativeTarget "AppStore" */ = {
			isa = XCConfigurationList;
			buildConfigurations = (
				43088C322667D72F0097CEC7 /* Debug */,
				43088C332667D72F0097CEC7 /* Release */,
			);
			defaultConfigurationIsVisible = 0;
			defaultConfigurationName = Release;
		};
		43088C342667D72F0097CEC7 /* Build configuration list for PBXNativeTarget "AppStoreTests" */ = {
			isa = XCConfigurationList;
			buildConfigurations = (
				43088C352667D72F0097CEC7 /* Debug */,
				43088C362667D72F0097CEC7 /* Release */,
			);
			defaultConfigurationIsVisible = 0;
			defaultConfigurationName = Release;
		};
		43088C372667D72F0097CEC7 /* Build configuration list for PBXNativeTarget "AppStoreUITests" */ = {
			isa = XCConfigurationList;
			buildConfigurations = (
				43088C382667D72F0097CEC7 /* Debug */,
				43088C392667D72F0097CEC7 /* Release */,
			);
			defaultConfigurationIsVisible = 0;
			defaultConfigurationName = Release;
		};
/* End XCConfigurationList section */

/* Begin XCVersionGroup section */
		43088C102667D72A0097CEC7 /* AppStore.xcdatamodeld */ = {
			isa = XCVersionGroup;
			children = (
				43088C112667D72A0097CEC7 /* AppStore.xcdatamodel */,
			);
			currentVersion = 43088C112667D72A0097CEC7 /* AppStore.xcdatamodel */;
			path = AppStore.xcdatamodeld;
			sourceTree = "<group>";
			versionGroupType = wrapper.xcdatamodel;
		};
/* End XCVersionGroup section */
	};
	rootObject = 43088BFC2667D7290097CEC7 /* Project object */;
}
